
Microsoft Visual Studio Solution File, Format Version 12.00
# Visual Studio Version 16
VisualStudioVersion = 16.0.31624.102
MinimumVisualStudioVersion = 10.0.40219.1
Project("{FAE04EC0-301F-11D3-BF4B-00C04F79EFBC}") = "TDG", "TDG.csproj", "{056D8B04-EB08-4216-B508-407F19C411B0}"
EndProject
Project("{FAE04EC0-301F-11D3-BF4B-00C04F79EFBC}") = "WinForm", "..\WinForm\WinForm.csproj", "{C7D7FBBD-40E8-4864-84FE-5C34657AD903}"
EndProject
Global
	GlobalSection(SolutionConfigurationPlatforms) = preSolution
		Debug|Any CPU = Debug|Any CPU
		Release|Any CPU = Release|Any CPU
	EndGlobalSection
	GlobalSection(ProjectConfigurationPlatforms) = postSolution
		{056D8B04-EB08-4216-B508-407F19C411B0}.Debug|Any CPU.ActiveCfg = Debug|Any CPU
		{056D8B04-EB08-4216-B508-407F19C411B0}.Debug|Any CPU.Build.0 = Debug|Any CPU
		{056D8B04-EB08-4216-B508-407F19C411B0}.Release|Any CPU.ActiveCfg = Release|Any CPU
		{056D8B04-EB08-4216-B508-407F19C411B0}.Release|Any CPU.Build.0 = Release|Any CPU
		{C7D7FBBD-40E8-4864-84FE-5C34657AD903}.Debug|Any CPU.ActiveCfg = Debug|Any CPU
		{C7D7FBBD-40E8-4864-84FE-5C34657AD903}.Debug|Any CPU.Build.0 = Debug|Any CPU
		{C7D7FBBD-40E8-4864-84FE-5C34657AD903}.Release|Any CPU.ActiveCfg = Release|Any CPU
		{C7D7FBBD-40E8-4864-84FE-5C34657AD903}.Release|Any CPU.Build.0 = Release|Any CPU
	EndGlobalSection
	GlobalSection(SolutionProperties) = preSolution
		HideSolutionNode = FALSE
	EndGlobalSection
	GlobalSection(ExtensibilityGlobals) = postSolution
		SolutionGuid = {BEF415EC-2D03-4B06-BC88-6EF75A13C23C}
	EndGlobalSection
EndGlobal
